{
  "name": "@do-indeksa/content-pipeline",
  "version": "0.1.0",
  "lockfileVersion": 3,
  "requires": true,
  "packages": {
    "": {
      "name": "@do-indeksa/content-pipeline",
      "version": "0.1.0",
      "dependencies": {
        "@unified-latex/unified-latex": "1.8.4",
        "gray-matter": "4.0.3"
      },
      "devDependencies": {
        "prettier": "3.9.5"
      },
      "engines": {
        "node": ">=22.13.0"
      }
    },
    "node_modules/@types/unist": {
      "version": "2.0.11",
      "resolved": "https://registry.npmjs.org/@types/unist/-/unist-2.0.11.tgz",
      "integrity": "sha512-CmBKiL6NNo/OqgmMn95Fk9Whlp2mtvIv+KNpQKN2F4SjvrEesubTRWGYSg+BnWZOnlCaSTU1sMpsBOzgbYhnsA==",
      "license": "MIT"
    },
    "node_modules/@unified-latex/unified-latex": {
      "version": "1.8.4",
      "resolved": "https://registry.npmjs.org/@unified-latex/unified-latex/-/unified-latex-1.8.4.tgz",
      "integrity": "sha512-ZaW8EZh1MWwLM/7Rywirhu3yx/fDI/gA8xuZ7xd4EP6W79ZMepOYqtyP368wkU9WS0dYGJH2x8U4/j/N7MWIWA==",
      "license": "MIT",
      "dependencies": {
        "@unified-latex/unified-latex-types": "^1.8.4",
        "@unified-latex/unified-latex-util-parse": "^1.8.4",
        "@unified-latex/unified-latex-util-to-string": "^1.8.4",
        "unified": "^10.1.2"
      }
    },
    "node_modules/@unified-latex/unified-latex-builder": {
      "version": "1.8.4",
      "resolved": "https://registry.npmjs.org/@unified-latex/unified-latex-builder/-/unified-latex-builder-1.8.4.tgz",
      "integrity": "sha512-Rw5XlVhJ50wk7J/hukJ0YBjLqaCjNTYDLZc6lNPH8Vji56YPzZbduuh/kY3ueME+CnxJq/34CGY8D/0cOZY8yw==",
      "license": "MIT",
      "dependencies": {
        "@unified-latex/unified-latex-types": "^1.8.4"
      }
    },
    "node_modules/@unified-latex/unified-latex-ctan": {
      "version": "1.8.4",
      "resolved": "https://registry.npmjs.org/@unified-latex/unified-latex-ctan/-/unified-latex-ctan-1.8.4.tgz",
      "integrity": "sha512-jNirPv/pLtuWwGwqmeJPcz3hWX98LcSZDCcnlqCp5HRTx2wzhni2cuefORkP0klz4hoU2lm3s71eVA9taC6kQw==",
      "license": "MIT",
      "dependencies": {
        "@unified-latex/unified-latex-builder": "^1.8.4",
        "@unified-latex/unified-latex-types": "^1.8.4",
        "@unified-latex/unified-latex-util-argspec": "^1.8.4",
        "@unified-latex/unified-latex-util-arguments": "^1.8.4",
        "@unified-latex/unified-latex-util-comments": "^1.8.4",
        "@unified-latex/unified-latex-util-match": "^1.8.4",
        "@unified-latex/unified-latex-util-pegjs": "^1.8.4",
        "@unified-latex/unified-latex-util-print-raw": "^1.8.4",
        "@unified-latex/unified-latex-util-render-info": "^1.8.4",
        "@unified-latex/unified-latex-util-replace": "^1.8.4",
        "@unified-latex/unified-latex-util-scan": "^1.8.4",
        "@unified-latex/unified-latex-util-split": "^1.8.4",
        "@unified-latex/unified-latex-util-trim": "^1.8.4",
        "@unified-latex/unified-latex-util-visit": "^1.8.4",
        "color": "^4.2.3"
      }
    },
    "node_modules/@unified-latex/unified-latex-prettier": {
      "version": "1.8.4",
      "resolved": "https://registry.npmjs.org/@unified-latex/unified-latex-prettier/-/unified-latex-prettier-1.8.4.tgz",
      "integrity": "sha512-Y0BxpIstZLVTJqG6kShAMvHzfzFjgezxksjI/PN6FKM3GB+A+aoE/tFPBiLm0y62BPl6CIuYrNIr+4x6H9+KHg==",
      "license": "MIT",
      "dependencies": {
        "@unified-latex/unified-latex-ctan": "^1.8.4",
        "@unified-latex/unified-latex-types": "^1.8.4",
        "@unified-latex/unified-latex-util-align": "^1.8.4",
        "@unified-latex/unified-latex-util-match": "^1.8.4",
        "@unified-latex/unified-latex-util-parse": "^1.8.4",
        "@unified-latex/unified-latex-util-pgfkeys": "^1.8.4",
        "@unified-latex/unified-latex-util-print-raw": "^1.8.4",
        "@unified-latex/unified-latex-util-trim": "^1.8.4",
        "@unified-latex/unified-latex-util-visit": "^1.8.4",
        "prettier": "^3.0.3"
      }
    },
    "node_modules/@unified-latex/unified-latex-prettier/node_modules/prettier": {
      "version": "3.9.6",
      "resolved": "https://registry.npmjs.org/prettier/-/prettier-3.9.6.tgz",
      "integrity": "sha512-OpN0zzVdiaiAhxpuuj5efpIS4sY9j7bY6uR5mnj5yPzGkdkjNKSJeUThPb60Jw29QuAZgA4o+/iB49kFiaBX6g==",
      "license": "MIT",
      "bin": {
        "prettier": "bin/prettier.cjs"
      },
      "engines": {
        "node": ">=14"
      },
      "funding": {
        "url": "https://github.com/prettier/prettier?sponsor=1"
      }
    },
    "node_modules/@unified-latex/unified-latex-types": {
      "version": "1.8.4",
      "resolved": "https://registry.npmjs.org/@unified-latex/unified-latex-types/-/unified-latex-types-1.8.4.tgz",
      "integrity": "sha512-nQ6YS4WYVOA89qdmxw57vl3KfmRGFHGTyLsw9LxCC7DSE6oma3rvXIGjBDUe7E3bgWocBqRITPcz25VqCRlFzA==",
      "license": "MIT"
    },
    "node_modules/@unified-latex/unified-latex-util-align": {
      "version": "1.8.4",
      "resolved": "https://registry.npmjs.org/@unified-latex/unified-latex-util-align/-/unified-latex-util-align-1.8.4.tgz",
      "integrity": "sha512-VtW2dpzS1CaT9tOIfP3afoczHypYBGHTaIHlgIhm6gHtxYDsLMASf8850jCKak6tk9cOutgJC7m9zVBsguSxhA==",
      "license": "MIT",
      "dependencies": {
        "@unified-latex/unified-latex-types": "^1.8.4",
        "@unified-latex/unified-latex-util-match": "^1.8.4",
        "@unified-latex/unified-latex-util-pegjs": "^1.8.4"
      }
    },
    "node_modules/@unified-latex/unified-latex-util-argspec": {
      "version": "1.8.4",
      "resolved": "https://registry.npmjs.org/@unified-latex/unified-latex-util-argspec/-/unified-latex-util-argspec-1.8.4.tgz",
      "integrity": "sha512-FZcQ6d5goGmfZnqLNqvl+HzU1xuXfHj4q2JqBPT+qd2Jjj6Bu4EGI3om7jz/FjsSADVQJ6T69gRNxpWAH1uuZw==",
      "license": "MIT",
      "dependencies": {
        "@unified-latex/unified-latex-util-pegjs": "^1.8.4"
      }
    },
    "node_modules/@unified-latex/unified-latex-util-arguments": {
      "version": "1.8.4",
      "resolved": "https://registry.npmjs.org/@unified-latex/unified-latex-util-arguments/-/unified-latex-util-arguments-1.8.4.tgz",
      "integrity": "sha512-nVDASzDojN33T1RwjRlACeMObcHW4erxVfv60ZjHKi7B5TCgGU6hzMgScjC4ex5WsR1dLfma4OWElnwOiavXJw==",
      "license": "MIT",
      "dependencies": {
        "@unified-latex/unified-latex-builder": "^1.8.4",
        "@unified-latex/unified-latex-types": "^1.8.4",
        "@unified-latex/unified-latex-util-argspec": "^1.8.4",
        "@unified-latex/unified-latex-util-match": "^1.8.4",
        "@unified-latex/unified-latex-util-render-info": "^1.8.4",
        "@unified-latex/unified-latex-util-scan": "^1.8.4",
        "@unified-latex/unified-latex-util-visit": "^1.8.4",
        "unified": "^10.1.2"
      }
    },
    "node_modules/@unified-latex/unified-latex-util-catcode": {
      "version": "1.8.4",
      "resolved": "https://registry.npmjs.org/@unified-latex/unified-latex-util-catcode/-/unified-latex-util-catcode-1.8.4.tgz",
      "integrity": "sha512-8huVuXLfpjYp7Ac9/+pQd9i2MYJjJalKLjt1dgaFFO5Ageo5Ot7wDCja2FRYPcHisnFBFoePGCRsqZbnPe1iCw==",
      "license": "MIT",
      "dependencies": {
        "@unified-latex/unified-latex-types": "^1.8.4",
        "@unified-latex/unified-latex-util-match": "^1.8.4",
        "@unified-latex/unified-latex-util-visit": "^1.8.4"
      }
    },
    "node_modules/@unified-latex/unified-latex-util-comments": {
      "version": "1.8.4",
      "resolved": "https://registry.npmjs.org/@unified-latex/unified-latex-util-comments/-/unified-latex-util-comments-1.8.4.tgz",
      "integrity": "sha512-2Iw4BpxOx+Uow4DZio34qP8kqjJvYLATfgn8P48rMF6VLAjJniVvMxpHdbv6Kwh8aCAuhOl2bjMZ9m1NxH+OzQ==",
      "license": "MIT",
      "dependencies": {
        "@unified-latex/unified-latex-types": "^1.8.4",
        "@unified-latex/unified-latex-util-match": "^1.8.4",
        "@unified-latex/unified-latex-util-replace": "^1.8.4"
      }
    },
    "node_modules/@unified-latex/unified-latex-util-environments": {
      "version": "1.8.4",
      "resolved": "https://registry.npmjs.org/@unified-latex/unified-latex-util-environments/-/unified-latex-util-environments-1.8.4.tgz",
      "integrity": "sha512-zA5rlwApSwLAubtZcQeaOZqLYeFVM9c0aecw3Uajho8GGk9CTUtaS/vvZe4VwnU1Z/usbu1LPgPMaiHt3LTJOQ==",
      "license": "MIT",
      "dependencies": {
        "@unified-latex/unified-latex-types": "^1.8.4",
        "@unified-latex/unified-latex-util-arguments": "^1.8.4",
        "@unified-latex/unified-latex-util-match": "^1.8.4",
        "@unified-latex/unified-latex-util-print-raw": "^1.8.4",
        "@unified-latex/unified-latex-util-render-info": "^1.8.4",
        "@unified-latex/unified-latex-util-visit": "^1.8.4",
        "unified": "^10.1.2"
      }
    },
    "node_modules/@unified-latex/unified-latex-util-match": {
      "version": "1.8.4",
      "resolved": "https://registry.npmjs.org/@unified-latex/unified-latex-util-match/-/unified-latex-util-match-1.8.4.tgz",
      "integrity": "sha512-wYhTER8i3THQcTYjSufCr8IC0TxguN3dj3h0EFAVneZQ/FIqi/kbvvtPaI0u8mtQLuBDGfhftBy7PvuK9TSG3w==",
      "license": "MIT",
      "dependencies": {
        "@unified-latex/unified-latex-types": "^1.8.4",
        "@unified-latex/unified-latex-util-print-raw": "^1.8.4"
      }
    },
    "node_modules/@unified-latex/unified-latex-util-parse": {
      "version": "1.8.4",
      "resolved": "https://registry.npmjs.org/@unified-latex/unified-latex-util-parse/-/unified-latex-util-parse-1.8.4.tgz",
      "integrity": "sha512-Ri+j+0hdgw2xv3tTnc8sCOL9R25bEeKu7dsgX2eKQ0Q4nWIlJ5dQsMFhykGPJhnAok8t6DRlb2GRt2+Mk1UPHg==",
      "license": "MIT",
      "dependencies": {
        "@unified-latex/unified-latex-ctan": "^1.8.4",
        "@unified-latex/unified-latex-types": "^1.8.4",
        "@unified-latex/unified-latex-util-arguments": "^1.8.4",
        "@unified-latex/unified-latex-util-catcode": "^1.8.4",
        "@unified-latex/unified-latex-util-environments": "^1.8.4",
        "@unified-latex/unified-latex-util-match": "^1.8.4",
        "@unified-latex/unified-latex-util-pegjs": "^1.8.4",
        "@unified-latex/unified-latex-util-print-raw": "^1.8.4",
        "@unified-latex/unified-latex-util-trim": "^1.8.4",
        "@unified-latex/unified-latex-util-visit": "^1.8.4",
        "unified": "^10.1.2"
      }
    },
    "node_modules/@unified-latex/unified-latex-util-pegjs": {
      "version": "1.8.4",
      "resolved": "https://registry.npmjs.org/@unified-latex/unified-latex-util-pegjs/-/unified-latex-util-pegjs-1.8.4.tgz",
      "integrity": "sha512-5PTvl2zTK25+Dy8SMpqq6Nf9k1gvr89fS7rR3hB8vi/KjA9AfXGQbiYOcwTfN8O5lpoKJeOuXw6hhaSlTpRaMQ==",
      "license": "MIT",
      "dependencies": {
        "@unified-latex/unified-latex-types": "^1.8.4",
        "@unified-latex/unified-latex-util-match": "^1.8.4"
      }
    },
    "node_modules/@unified-latex/unified-latex-util-pgfkeys": {
      "version": "1.8.4",
      "resolved": "https://registry.npmjs.org/@unified-latex/unified-latex-util-pgfkeys/-/unified-latex-util-pgfkeys-1.8.4.tgz",
      "integrity": "sha512-HEjqsMEH/T+XF6V6zRbwdW4K1s+sPVgG1lhK5LLzM+qo91PxrWO5ivQFz5S4o98cgSz00IOGOZ3TS0L+aVQzAQ==",
      "license": "MIT",
      "dependencies": {
        "@unified-latex/unified-latex-types": "^1.8.4",
        "@unified-latex/unified-latex-util-match": "^1.8.4",
        "@unified-latex/unified-latex-util-pegjs": "^1.8.4",
        "@unified-latex/unified-latex-util-print-raw": "^1.8.4"
      }
    },
    "node_modules/@unified-latex/unified-latex-util-print-raw": {
      "version": "1.8.4",
      "resolved": "https://registry.npmjs.org/@unified-latex/unified-latex-util-print-raw/-/unified-latex-util-print-raw-1.8.4.tgz",
      "integrity": "sha512-35hce9A8frQvEp5cM5avPpLMCUs8OIzhR3OZr4TjMJI/Lsj4wu6Tv9h2XQpxDmg8ofOtxn2UEWB19Wld9fgRvw==",
      "license": "MIT",
      "dependencies": {
        "@unified-latex/unified-latex-types": "^1.8.4"
      }
    },
    "node_modules/@unified-latex/unified-latex-util-render-info": {
      "version": "1.8.4",
      "resolved": "https://registry.npmjs.org/@unified-latex/unified-latex-util-render-info/-/unified-latex-util-render-info-1.8.4.tgz",
      "integrity": "sha512-G8py9w7PYRgUXl9lMnuvQ24s5hB1wzz2dlCzF+HHbvW8P29x7PF3jry+R9l+LD/P3bxVNdcFTz8HHJ8dnu7NiQ==",
      "license": "MIT",
      "dependencies": {
        "@unified-latex/unified-latex-types": "^1.8.4",
        "@unified-latex/unified-latex-util-visit": "^1.8.4"
      }
    },
    "node_modules/@unified-latex/unified-latex-util-replace": {
      "version": "1.8.4",
      "resolved": "https://registry.npmjs.org/@unified-latex/unified-latex-util-replace/-/unified-latex-util-replace-1.8.4.tgz",
      "integrity": "sha512-9T2U11L6gihcoCul+xxwQOQrG3b8y5EcXvNXAV5U4c9GkLesvEEQ7wgyVtYtEDHIzFFL6p0Bc60XyWTn8VD3Qw==",
      "license": "MIT",
      "dependencies": {
        "@unified-latex/unified-latex-types": "^1.8.4",
        "@unified-latex/unified-latex-util-match": "^1.8.4",
        "@unified-latex/unified-latex-util-split": "^1.8.4",
        "@unified-latex/unified-latex-util-trim": "^1.8.4",
        "@unified-latex/unified-latex-util-visit": "^1.8.4",
        "unified": "^10.1.2"
      }
    },
    "node_modules/@unified-latex/unified-latex-util-scan": {
      "version": "1.8.4",
      "resolved": "https://registry.npmjs.org/@unified-latex/unified-latex-util-scan/-/unified-latex-util-scan-1.8.4.tgz",
      "integrity": "sha512-oeL2PBxXIsEtO/ZQdiWWjy3t96wnd/8Obn4ts80g++6S/9p6GKU27MDpUP9zb/k3OBwUufH4/LkdhokWGVmTNQ==",
      "license": "MIT",
      "dependencies": {
        "@unified-latex/unified-latex-types": "^1.8.4",
        "@unified-latex/unified-latex-util-match": "^1.8.4",
        "@unified-latex/unified-latex-util-print-raw": "^1.8.4",
        "trie-prefix-tree": "^1.5.1"
      }
    },
    "node_modules/@unified-latex/unified-latex-util-split": {
      "version": "1.8.4",
      "resolved": "https://registry.npmjs.org/@unified-latex/unified-latex-util-split/-/unified-latex-util-split-1.8.4.tgz",
      "integrity": "sha512-EZm92GRiOLcJeH/HFfh1unH+BBBGHOlvgjzIvG5I5XofLWj/Y2lwX2aPbNfrT/nmjKrujcUqPVAQPS8U2ydnpg==",
      "license": "MIT",
      "dependencies": {
        "@unified-latex/unified-latex-types": "^1.8.4",
        "@unified-latex/unified-latex-util-match": "^1.8.4"
      }
    },
    "node_modules/@unified-latex/unified-latex-util-to-string": {
      "version": "1.8.4",
      "resolved": "https://registry.npmjs.org/@unified-latex/unified-latex-util-to-string/-/unified-latex-util-to-string-1.8.4.tgz",
      "integrity": "sha512-XfvBkOhVaBh0aS85vQCtb0fJuVz74irWqcmBXg9s88PFFVhn8fG7CaIMTtv2WD6aCqu55N1VHc6+InrUUHikuA==",
      "license": "MIT",
      "dependencies": {
        "@unified-latex/unified-latex-prettier": "^1.8.4",
        "@unified-latex/unified-latex-types": "^1.8.4",
        "@unified-latex/unified-latex-util-print-raw": "^1.8.4",
        "prettier": "^2.8.8",
        "unified": "^10.1.2"
      }
    },
    "node_modules/@unified-latex/unified-latex-util-to-string/node_modules/prettier": {
      "version": "2.8.8",
      "resolved": "https://registry.npmjs.org/prettier/-/prettier-2.8.8.tgz",
      "integrity": "sha512-tdN8qQGvNjw4CHbY+XXk0JgCXn9QiF21a55rBe5LJAU+kDyC4WQn4+awm2Xfk2lQMk5fKup9XgzTZtGkjBdP9Q==",
      "license": "MIT",
      "bin": {
        "prettier": "bin-prettier.js"
      },
      "engines": {
        "node": ">=10.13.0"
      },
      "funding": {
        "url": "https://github.com/prettier/prettier?sponsor=1"
      }
    },
    "node_modules/@unified-latex/unified-latex-util-trim": {
      "version": "1.8.4",
      "resolved": "https://registry.npmjs.org/@unified-latex/unified-latex-util-trim/-/unified-latex-util-trim-1.8.4.tgz",
      "integrity": "sha512-Da6vw1XyFxj1uk2p5cxOJXRMVhM/HEaf0SG8R+G1XUEJOmglicSoJOqRIAkpDrLOBZLebAiiXWmjbtIQzbhKkQ==",
      "license": "MIT",
      "dependencies": {
        "@unified-latex/unified-latex-types": "^1.8.4",
        "@unified-latex/unified-latex-util-match": "^1.8.4",
        "@unified-latex/unified-latex-util-visit": "^1.8.4",
        "unified": "^10.1.2"
      }
    },
    "node_modules/@unified-latex/unified-latex-util-visit": {
      "version": "1.8.4",
      "resolved": "https://registry.npmjs.org/@unified-latex/unified-latex-util-visit/-/unified-latex-util-visit-1.8.4.tgz",
      "integrity": "sha512-m5O9evxr/kiX1awZAcwUQL+8slVvlWlkbZoKFDP1agrp3dpk7+69npqyoapKKJEK0B4uRYmv93Ho31oHgNoJrg==",
      "license": "MIT",
      "dependencies": {
        "@unified-latex/unified-latex-types": "^1.8.4",
        "@unified-latex/unified-latex-util-match": "^1.8.4"
      }
    },
    "node_modules/argparse": {
      "version": "1.0.10",
      "resolved": "https://registry.npmjs.org/argparse/-/argparse-1.0.10.tgz",
      "integrity": "sha512-o5Roy6tNG4SL/FOkCAN6RzjiakZS25RLYFrcMttJqbdd8BWrnA+fGz57iN5Pb06pvBGvl5gQ0B48dJlslXvoTg==",
      "license": "MIT",
      "dependencies": {
        "sprintf-js": "~1.0.2"
      }
    },
    "node_modules/bail": {
      "version": "2.0.2",
      "resolved": "https://registry.npmjs.org/bail/-/bail-2.0.2.tgz",
      "integrity": "sha512-0xO6mYd7JB2YesxDKplafRpsiOzPt9V02ddPCLbY1xYGPOX24NTyN50qnUxgCPcSoYMhKpAuBTjQoRZCAkUDRw==",
      "license": "MIT",
      "funding": {
        "type": "github",
        "url": "https://github.com/sponsors/wooorm"
      }
    },
    "node_modules/color": {
      "version": "4.2.3",
      "resolved": "https://registry.npmjs.org/color/-/color-4.2.3.tgz",
      "integrity": "sha512-1rXeuUUiGGrykh+CeBdu5Ie7OJwinCgQY0bc7GCRxy5xVHy+moaqkpL/jqQq0MtQOeYcrqEz4abc5f0KtU7W4A==",
      "license": "MIT",
      "dependencies": {
        "color-convert": "^2.0.1",
        "color-string": "^1.9.0"
      },
      "engines": {
        "node": ">=12.5.0"
      }
    },
    "node_modules/color-convert": {
      "version": "2.0.1",
      "resolved": "https://registry.npmjs.org/color-convert/-/color-convert-2.0.1.tgz",
      "integrity": "sha512-RRECPsj7iu/xb5oKYcsFHSppFNnsj/52OVTRKb4zP5onXwVF3zVmmToNcOfGC+CRDpfK/U584fMg38ZHCaElKQ==",
      "license": "MIT",
      "dependencies": {
        "color-name": "~1.1.4"
      },
      "engines": {
        "node": ">=7.0.0"
      }
    },
    "node_modules/color-name": {
      "version": "1.1.4",
      "resolved": "https://registry.npmjs.org/color-name/-/color-name-1.1.4.tgz",
      "integrity": "sha512-dOy+3AuW3a2wNbZHIuMZpTcgjGuLU/uBL/ubcZF9OXbDo8ff4O8yVp5Bf0efS8uEoYo5q4Fx7dY9OgQGXgAsQA==",
      "license": "MIT"
    },
    "node_modules/color-string": {
      "version": "1.9.1",
      "resolved": "https://registry.npmjs.org/color-string/-/color-string-1.9.1.tgz",
      "integrity": "sha512-shrVawQFojnZv6xM40anx4CkoDP+fZsw/ZerEMsW/pyzsRbElpsL/DBVW7q3ExxwusdNXI3lXpuhEZkzs8p5Eg==",
      "license": "MIT",
      "dependencies": {
        "color-name": "^1.0.0",
        "simple-swizzle": "^0.2.2"
      }
    },
    "node_modules/esprima": {
      "version": "4.0.1",
      "resolved": "https://registry.npmjs.org/esprima/-/esprima-4.0.1.tgz",
      "integrity": "sha512-eGuFFw7Upda+g4p+QHvnW0RyTX/SVeJBDM/gCtMARO0cLuT2HcEKnTPvhjV6aGeqrCB/sbNop0Kszm0jsaWU4A==",
      "license": "BSD-2-Clause",
      "bin": {
        "esparse": "bin/esparse.js",
        "esvalidate": "bin/esvalidate.js"
      },
      "engines": {
        "node": ">=4"
      }
    },
    "node_modules/extend": {
      "version": "3.0.2",
      "resolved": "https://registry.npmjs.org/extend/-/extend-3.0.2.tgz",
      "integrity": "sha512-fjquC59cD7CyW6urNXK0FBufkZcoiGG80wTuPujX590cB5Ttln20E2UB4S/WARVqhXffZl2LNgS+gQdPIIim/g==",
      "license": "MIT"
    },
    "node_modules/extend-shallow": {
      "version": "2.0.1",
      "resolved": "https://registry.npmjs.org/extend-shallow/-/extend-shallow-2.0.1.tgz",
      "integrity": "sha512-zCnTtlxNoAiDc3gqY2aYAWFx7XWWiasuF2K8Me5WbN8otHKTUKBwjPtNpRs/rbUZm7KxWAaNj7P1a/p52GbVug==",
      "license": "MIT",
      "dependencies": {
        "is-extendable": "^0.1.0"
      },
      "engines": {
        "node": ">=0.10.0"
      }
    },
    "node_modules/gray-matter": {
      "version": "4.0.3",
      "resolved": "https://registry.npmjs.org/gray-matter/-/gray-matter-4.0.3.tgz",
      "integrity": "sha512-5v6yZd4JK3eMI3FqqCouswVqwugaA9r4dNZB1wwcmrD02QkV5H0y7XBQW8QwQqEaZY1pM9aqORSORhJRdNK44Q==",
      "license": "MIT",
      "dependencies": {
        "js-yaml": "^3.13.1",
        "kind-of": "^6.0.2",
        "section-matter": "^1.0.0",
        "strip-bom-string": "^1.0.0"
      },
      "engines": {
        "node": ">=6.0"
      }
    },
    "node_modules/is-arrayish": {
      "version": "0.3.4",
      "resolved": "https://registry.npmjs.org/is-arrayish/-/is-arrayish-0.3.4.tgz",
      "integrity": "sha512-m6UrgzFVUYawGBh1dUsWR5M2Clqic9RVXC/9f8ceNlv2IcO9j9J/z8UoCLPqtsPBFNzEpfR3xftohbfqDx8EQA==",
      "license": "MIT"
    },
    "node_modules/is-buffer": {
      "version": "2.0.5",
      "resolved": "https://registry.npmjs.org/is-buffer/-/is-buffer-2.0.5.tgz",
      "integrity": "sha512-i2R6zNFDwgEHJyQUtJEk0XFi1i0dPFn/oqjK3/vPCcDeJvW5NQ83V8QbicfF1SupOaB0h8ntgBC2YiE7dfyctQ==",
      "funding": [
        {
          "type": "github",
          "url": "https://github.com/sponsors/feross"
        },
        {
          "type": "patreon",
          "url": "https://www.patreon.com/feross"
        },
        {
          "type": "consulting",
          "url": "https://feross.org/support"
        }
      ],
      "license": "MIT",
      "engines": {
        "node": ">=4"
      }
    },
    "node_modules/is-extendable": {
      "version": "0.1.1",
      "resolved": "https://registry.npmjs.org/is-extendable/-/is-extendable-0.1.1.tgz",
      "integrity": "sha512-5BMULNob1vgFX6EjQw5izWDxrecWK9AM72rugNr0TFldMOi0fj6Jk+zeKIt0xGj4cEfQIJth4w3OKWOJ4f+AFw==",
      "license": "MIT",
      "engines": {
        "node": ">=0.10.0"
      }
    },
    "node_modules/is-plain-obj": {
      "version": "4.1.0",
      "resolved": "https://registry.npmjs.org/is-plain-obj/-/is-plain-obj-4.1.0.tgz",
      "integrity": "sha512-+Pgi+vMuUNkJyExiMBt5IlFoMyKnr5zhJ4Uspz58WOhBF5QoIZkFyNHIbBAtHwzVAgk5RtndVNsDRN61/mmDqg==",
      "license": "MIT",
      "engines": {
        "node": ">=12"
      },
      "funding": {
        "url": "https://github.com/sponsors/sindresorhus"
      }
    },
    "node_modules/js-yaml": {
      "version": "3.15.1",
      "resolved": "https://registry.npmjs.org/js-yaml/-/js-yaml-3.15.1.tgz",
      "integrity": "sha512-S99WuO3HlhO3XN41EtYUNl9zzXjoJx7QvmipxsJVxtCBT0YHEFy+iOJhjSvrmV12nYhWpZaM8lPHkJm0yUMbag==",
      "license": "MIT",
      "dependencies": {
        "argparse": "^1.0.7",
        "esprima": "^4.0.0"
      },
      "bin": {
        "js-yaml": "bin/js-yaml.js"
      }
    },
    "node_modules/kind-of": {
      "version": "6.0.3",
      "resolved": "https://registry.npmjs.org/kind-of/-/kind-of-6.0.3.tgz",
      "integrity": "sha512-dcS1ul+9tmeD95T+x28/ehLgd9mENa3LsvDTtzm3vyBEO7RPptvAD+t44WVXaUjTBRcrpFeFlC8WCruUR456hw==",
      "license": "MIT",
      "engines": {
        "node": ">=0.10.0"
      }
    },
    "node_modules/prettier": {
      "version": "3.9.5",
      "resolved": "https://registry.npmjs.org/prettier/-/prettier-3.9.5.tgz",
      "integrity": "sha512-/FVl766LpUfB5vXgCYOYa0MeV/441Ia99AeICQIQFTY/Nw0roZwULcXpku5i1/m5kt/baz+s4Zogspd839HSMg==",
      "dev": true,
      "license": "MIT",
      "bin": {
        "prettier": "bin/prettier.cjs"
      },
      "engines": {
        "node": ">=14"
      },
      "funding": {
        "url": "https://github.com/prettier/prettier?sponsor=1"
      }
    },
    "node_modules/section-matter": {
      "version": "1.0.0",
      "resolved": "https://registry.npmjs.org/section-matter/-/section-matter-1.0.0.tgz",
      "integrity": "sha512-vfD3pmTzGpufjScBh50YHKzEu2lxBWhVEHsNGoEXmCmn2hKGfeNLYMzCJpe8cD7gqX7TJluOVpBkAequ6dgMmA==",
      "license": "MIT",
      "dependencies": {
        "extend-shallow": "^2.0.1",
        "kind-of": "^6.0.0"
      },
      "engines": {
        "node": ">=4"
      }
    },
    "node_modules/simple-swizzle": {
      "version": "0.2.4",
      "resolved": "https://registry.npmjs.org/simple-swizzle/-/simple-swizzle-0.2.4.tgz",
      "integrity": "sha512-nAu1WFPQSMNr2Zn9PGSZK9AGn4t/y97lEm+MXTtUDwfP0ksAIX4nO+6ruD9Jwut4C49SB1Ws+fbXsm/yScWOHw==",
      "license": "MIT",
      "dependencies": {
        "is-arrayish": "^0.3.1"
      }
    },
    "node_modules/sprintf-js": {
      "version": "1.0.3",
      "resolved": "https://registry.npmjs.org/sprintf-js/-/sprintf-js-1.0.3.tgz",
      "integrity": "sha512-D9cPgkvLlV3t3IzL0D0YLvGA9Ahk4PcvVwUbN0dSGr1aP0Nrt4AEnTUbuGvquEC0mA64Gqt1fzirlRs5ibXx8g==",
      "license": "BSD-3-Clause"
    },
    "node_modules/strip-bom-string": {
      "version": "1.0.0",
      "resolved": "https://registry.npmjs.org/strip-bom-string/-/strip-bom-string-1.0.0.tgz",
      "integrity": "sha512-uCC2VHvQRYu+lMh4My/sFNmF2klFymLX1wHJeXnbEJERpV/ZsVuonzerjfrGpIGF7LBVa1O7i9kjiWvJiFck8g==",
      "license": "MIT",
      "engines": {
        "node": ">=0.10.0"
      }
    },
    "node_modules/trie-prefix-tree": {
      "version": "1.5.1",
      "resolved": "https://registry.npmjs.org/trie-prefix-tree/-/trie-prefix-tree-1.5.1.tgz",
      "integrity": "sha512-Jjvj/dA97wXnabG/NLJUgo4IQMj6vucH+Qxm7of/omfWSmZlPqdRU6Ta4GmQqCZH+n3/iYZUwfvUoEhB0Hs83Q==",
      "license": "MIT"
    },
    "node_modules/trough": {
      "version": "2.2.0",
      "resolved": "https://registry.npmjs.org/trough/-/trough-2.2.0.tgz",
      "integrity": "sha512-tmMpK00BjZiUyVyvrBK7knerNgmgvcV/KLVyuma/SC+TQN167GrMRciANTz09+k3zW8L8t60jWO1GpfkZdjTaw==",
      "license": "MIT",
      "funding": {
        "type": "github",
        "url": "https://github.com/sponsors/wooorm"
      }
    },
    "node_modules/unified": {
      "version": "10.1.2",
      "resolved": "https://registry.npmjs.org/unified/-/unified-10.1.2.tgz",
      "integrity": "sha512-pUSWAi/RAnVy1Pif2kAoeWNBa3JVrx0MId2LASj8G+7AiHWoKZNTomq6LG326T68U7/e263X6fTdcXIy7XnF7Q==",
      "license": "MIT",
      "dependencies": {
        "@types/unist": "^2.0.0",
        "bail": "^2.0.0",
        "extend": "^3.0.0",
        "is-buffer": "^2.0.0",
        "is-plain-obj": "^4.0.0",
        "trough": "^2.0.0",
        "vfile": "^5.0.0"
      },
      "funding": {
        "type": "opencollective",
        "url": "https://opencollective.com/unified"
      }
    },
    "node_modules/unist-util-stringify-position": {
      "version": "3.0.3",
      "resolved": "https://registry.npmjs.org/unist-util-stringify-position/-/unist-util-stringify-position-3.0.3.tgz",
      "integrity": "sha512-k5GzIBZ/QatR8N5X2y+drfpWG8IDBzdnVj6OInRNWm1oXrzydiaAT2OQiA8DPRRZyAKb9b6I2a6PxYklZD0gKg==",
      "license": "MIT",
      "dependencies": {
        "@types/unist": "^2.0.0"
      },
      "funding": {
        "type": "opencollective",
        "url": "https://opencollective.com/unified"
      }
    },
    "node_modules/vfile": {
      "version": "5.3.7",
      "resolved": "https://registry.npmjs.org/vfile/-/vfile-5.3.7.tgz",
      "integrity": "sha512-r7qlzkgErKjobAmyNIkkSpizsFPYiUPuJb5pNW1RB4JcYVZhs4lIbVqk8XPk033CV/1z8ss5pkax8SuhGpcG8g==",
      "license": "MIT",
      "dependencies": {
        "@types/unist": "^2.0.0",
        "is-buffer": "^2.0.0",
        "unist-util-stringify-position": "^3.0.0",
        "vfile-message": "^3.0.0"
      },
      "funding": {
        "type": "opencollective",
        "url": "https://opencollective.com/unified"
      }
    },
    "node_modules/vfile-message": {
      "version": "3.1.4",
      "resolved": "https://registry.npmjs.org/vfile-message/-/vfile-message-3.1.4.tgz",
      "integrity": "sha512-fa0Z6P8HUrQN4BZaX05SIVXic+7kE3b05PWAtPuYP9QLHsLKYR7/AlLW3NtOrpXRLeawpDLMsVkmk5DG0NXgWw==",
      "license": "MIT",
      "dependencies": {
        "@types/unist": "^2.0.0",
        "unist-util-stringify-position": "^3.0.0"
      },
      "funding": {
        "type": "opencollective",
        "url": "https://opencollective.com/unified"
      }
    }
  }
}
